
Microsoft Visual Studio Solution File, Format Version 11.00
# Visual C++ Express 2010
Project("{8BC9CEB8-8B4A-11D0-8D11-00A0C91BC942}") = "grit_core", "grit_core\grit_core.vcxproj", "{FD57655E-0527-4173-BADD-D8DA0E0EF531}"
	ProjectSection(ProjectDependencies) = postProject
		{3C0ADE66-31CB-42D5-8727-B1B792E19B42} = {3C0ADE66-31CB-42D5-8727-B1B792E19B42}
	EndProjectSection
EndProject
Project("{8BC9CEB8-8B4A-11D0-8D11-00A0C91BC942}") = "extract", "gtasa\extract.vcxproj", "{6753DB1A-C006-4C70-9FA0-97390152AC43}"
EndProject
Project("{8BC9CEB8-8B4A-11D0-8D11-00A0C91BC942}") = "bullet", "dependencies\bullet.vcxproj", "{589B7665-3757-4FD2-A33B-008E4AF0E5DB}"
EndProject
Project("{8BC9CEB8-8B4A-11D0-8D11-00A0C91BC942}") = "ogre", "dependencies\ogre.vcxproj", "{25549847-21C8-47EB-842D-6392F7E3FB77}"
EndProject
Project("{8BC9CEB8-8B4A-11D0-8D11-00A0C91BC942}") = "launcher", "launcher\launcher.vcxproj", "{21C2C2C9-5C77-4DF9-BAAE-E9EE49380F83}"
EndProject
Project("{8BC9CEB8-8B4A-11D0-8D11-00A0C91BC942}") = "OgreXMLConverter", "dependencies\OgreXMLConverter.vcxproj", "{194226D7-E1B0-470C-980D-54BA3BC44003}"
EndProject
Project("{8BC9CEB8-8B4A-11D0-8D11-00A0C91BC942}") = "grit_col_conv", "grit_core\grit_col_conv.vcxproj", "{E71EB541-54A6-4A5C-9C51-9825309987AA}"
EndProject
Project("{8BC9CEB8-8B4A-11D0-8D11-00A0C91BC942}") = "luaimg", "luaimg\luaimg.vcxproj", "{9D0D6A82-0D4F-40E8-B2EB-A0BD5C418C44}"
	ProjectSection(ProjectDependencies) = postProject
		{3C0ADE66-31CB-42D5-8727-B1B792E19B42} = {3C0ADE66-31CB-42D5-8727-B1B792E19B42}
		{32295FF9-FA94-4E03-957B-48AE90E50541} = {32295FF9-FA94-4E03-957B-48AE90E50541}
	EndProjectSection
EndProject
Project("{8BC9CEB8-8B4A-11D0-8D11-00A0C91BC942}") = "squish", "dependencies\squish.vcxproj", "{32295FF9-FA94-4E03-957B-48AE90E50541}"
EndProject
Project("{8BC9CEB8-8B4A-11D0-8D11-00A0C91BC942}") = "lua523", "dependencies\lua523.vcxproj", "{3C0ADE66-31CB-42D5-8727-B1B792E19B42}"
EndProject
Global
	GlobalSection(SolutionConfigurationPlatforms) = preSolution
		Debug|Win32 = Debug|Win32
		Normal|Win32 = Normal|Win32
		Release|Win32 = Release|Win32
	EndGlobalSection
	GlobalSection(ProjectConfigurationPlatforms) = postSolution
		{FD57655E-0527-4173-BADD-D8DA0E0EF531}.Debug|Win32.ActiveCfg = Debug|Win32
		{FD57655E-0527-4173-BADD-D8DA0E0EF531}.Debug|Win32.Build.0 = Debug|Win32
		{FD57655E-0527-4173-BADD-D8DA0E0EF531}.Normal|Win32.ActiveCfg = Normal|Win32
		{FD57655E-0527-4173-BADD-D8DA0E0EF531}.Normal|Win32.Build.0 = Normal|Win32
		{FD57655E-0527-4173-BADD-D8DA0E0EF531}.Release|Win32.ActiveCfg = Normal|Win32
		{FD57655E-0527-4173-BADD-D8DA0E0EF531}.Release|Win32.Build.0 = Normal|Win32
		{6753DB1A-C006-4C70-9FA0-97390152AC43}.Debug|Win32.ActiveCfg = Debug|Win32
		{6753DB1A-C006-4C70-9FA0-97390152AC43}.Debug|Win32.Build.0 = Debug|Win32
		{6753DB1A-C006-4C70-9FA0-97390152AC43}.Normal|Win32.ActiveCfg = Normal|Win32
		{6753DB1A-C006-4C70-9FA0-97390152AC43}.Normal|Win32.Build.0 = Normal|Win32
		{6753DB1A-C006-4C70-9FA0-97390152AC43}.Release|Win32.ActiveCfg = Normal|Win32
		{6753DB1A-C006-4C70-9FA0-97390152AC43}.Release|Win32.Build.0 = Normal|Win32
		{589B7665-3757-4FD2-A33B-008E4AF0E5DB}.Debug|Win32.ActiveCfg = Debug|Win32
		{589B7665-3757-4FD2-A33B-008E4AF0E5DB}.Debug|Win32.Build.0 = Debug|Win32
		{589B7665-3757-4FD2-A33B-008E4AF0E5DB}.Normal|Win32.ActiveCfg = Normal|Win32
		{589B7665-3757-4FD2-A33B-008E4AF0E5DB}.Normal|Win32.Build.0 = Normal|Win32
		{589B7665-3757-4FD2-A33B-008E4AF0E5DB}.Release|Win32.ActiveCfg = Normal|Win32
		{589B7665-3757-4FD2-A33B-008E4AF0E5DB}.Release|Win32.Build.0 = Normal|Win32
		{25549847-21C8-47EB-842D-6392F7E3FB77}.Debug|Win32.ActiveCfg = Debug|Win32
		{25549847-21C8-47EB-842D-6392F7E3FB77}.Debug|Win32.Build.0 = Debug|Win32
		{25549847-21C8-47EB-842D-6392F7E3FB77}.Normal|Win32.ActiveCfg = Normal|Win32
		{25549847-21C8-47EB-842D-6392F7E3FB77}.Normal|Win32.Build.0 = Normal|Win32
		{25549847-21C8-47EB-842D-6392F7E3FB77}.Release|Win32.ActiveCfg = Normal|Win32
		{25549847-21C8-47EB-842D-6392F7E3FB77}.Release|Win32.Build.0 = Normal|Win32
		{21C2C2C9-5C77-4DF9-BAAE-E9EE49380F83}.Debug|Win32.ActiveCfg = Debug|Win32
		{21C2C2C9-5C77-4DF9-BAAE-E9EE49380F83}.Debug|Win32.Build.0 = Debug|Win32
		{21C2C2C9-5C77-4DF9-BAAE-E9EE49380F83}.Normal|Win32.ActiveCfg = Normal|Win32
		{21C2C2C9-5C77-4DF9-BAAE-E9EE49380F83}.Normal|Win32.Build.0 = Normal|Win32
		{21C2C2C9-5C77-4DF9-BAAE-E9EE49380F83}.Release|Win32.ActiveCfg = Normal|Win32
		{21C2C2C9-5C77-4DF9-BAAE-E9EE49380F83}.Release|Win32.Build.0 = Normal|Win32
		{194226D7-E1B0-470C-980D-54BA3BC44003}.Debug|Win32.ActiveCfg = Debug|Win32
		{194226D7-E1B0-470C-980D-54BA3BC44003}.Debug|Win32.Build.0 = Debug|Win32
		{194226D7-E1B0-470C-980D-54BA3BC44003}.Normal|Win32.ActiveCfg = Normal|Win32
		{194226D7-E1B0-470C-980D-54BA3BC44003}.Normal|Win32.Build.0 = Normal|Win32
		{194226D7-E1B0-470C-980D-54BA3BC44003}.Release|Win32.ActiveCfg = Normal|Win32
		{194226D7-E1B0-470C-980D-54BA3BC44003}.Release|Win32.Build.0 = Normal|Win32
		{E71EB541-54A6-4A5C-9C51-9825309987AA}.Debug|Win32.ActiveCfg = Debug|Win32
		{E71EB541-54A6-4A5C-9C51-9825309987AA}.Normal|Win32.ActiveCfg = Normal|Win32
		{E71EB541-54A6-4A5C-9C51-9825309987AA}.Release|Win32.ActiveCfg = Normal|Win32
		{E71EB541-54A6-4A5C-9C51-9825309987AA}.Release|Win32.Build.0 = Normal|Win32
		{9D0D6A82-0D4F-40E8-B2EB-A0BD5C418C44}.Debug|Win32.ActiveCfg = Debug|Win32
		{9D0D6A82-0D4F-40E8-B2EB-A0BD5C418C44}.Debug|Win32.Build.0 = Debug|Win32
		{9D0D6A82-0D4F-40E8-B2EB-A0BD5C418C44}.Normal|Win32.ActiveCfg = Normal|Win32
		{9D0D6A82-0D4F-40E8-B2EB-A0BD5C418C44}.Normal|Win32.Build.0 = Normal|Win32
		{9D0D6A82-0D4F-40E8-B2EB-A0BD5C418C44}.Release|Win32.ActiveCfg = Normal|Win32
		{9D0D6A82-0D4F-40E8-B2EB-A0BD5C418C44}.Release|Win32.Build.0 = Normal|Win32
		{32295FF9-FA94-4E03-957B-48AE90E50541}.Debug|Win32.ActiveCfg = Debug|Win32
		{32295FF9-FA94-4E03-957B-48AE90E50541}.Debug|Win32.Build.0 = Debug|Win32
		{32295FF9-FA94-4E03-957B-48AE90E50541}.Normal|Win32.ActiveCfg = Normal|Win32
		{32295FF9-FA94-4E03-957B-48AE90E50541}.Normal|Win32.Build.0 = Normal|Win32
		{32295FF9-FA94-4E03-957B-48AE90E50541}.Release|Win32.ActiveCfg = Normal|Win32
		{32295FF9-FA94-4E03-957B-48AE90E50541}.Release|Win32.Build.0 = Normal|Win32
		{3C0ADE66-31CB-42D5-8727-B1B792E19B42}.Debug|Win32.ActiveCfg = Debug|Win32
		{3C0ADE66-31CB-42D5-8727-B1B792E19B42}.Debug|Win32.Build.0 = Debug|Win32
		{3C0ADE66-31CB-42D5-8727-B1B792E19B42}.Normal|Win32.ActiveCfg = Normal|Win32
		{3C0ADE66-31CB-42D5-8727-B1B792E19B42}.Normal|Win32.Build.0 = Normal|Win32
		{3C0ADE66-31CB-42D5-8727-B1B792E19B42}.Release|Win32.ActiveCfg = Normal|Win32
		{3C0ADE66-31CB-42D5-8727-B1B792E19B42}.Release|Win32.Build.0 = Normal|Win32
	EndGlobalSection
	GlobalSection(SolutionProperties) = preSolution
		HideSolutionNode = FALSE
	EndGlobalSection
EndGlobal
