<?xml version="1.0" encoding="utf-8"?>
<Project ToolsVersion="4.0" xmlns="http://schemas.microsoft.com/developer/msbuild/2003">
  <ItemGroup>
    <Filter Include="Source Files">
      <UniqueIdentifier>{4FC737F1-C7A5-4376-A066-2A32D752A2FF}</UniqueIdentifier>
      <Extensions>cpp;c;cc;cxx;def;odl;idl;hpj;bat;asm;asmx</Extensions>
    </Filter>
    <Filter Include="Header Files">
      <UniqueIdentifier>{93995380-89BD-4b04-88EB-625FBE52EBFB}</UniqueIdentifier>
      <Extensions>h;hpp;hxx;hm;inl;inc;xsd</Extensions>
    </Filter>
    <Filter Include="Resource Files">
      <UniqueIdentifier>{67DA6AB6-F800-4c08-8B7A-83BB121AAD01}</UniqueIdentifier>
      <Extensions>rc;ico;cur;bmp;dlg;rc2;rct;bin;rgs;gif;jpg;jpeg;jpe;resx;tiff;tif;png;wav</Extensions>
    </Filter>
  </ItemGroup>
  <ItemGroup>
    <ClCompile Include="grit_ogre\RenderSystems\GL\src\nvparse\_ps1.0_lexer.cpp">
      <Filter>Source Files</Filter>
    </ClCompile>
    <ClCompile Include="grit_ogre\RenderSystems\GL\src\nvparse\_ps1.0_parser.cpp">
      <Filter>Source Files</Filter>
    </ClCompile>
    <ClCompile Include="grit_ogre\RenderSystems\GL\src\nvparse\_rc1.0_lexer.cpp">
      <Filter>Source Files</Filter>
    </ClCompile>
    <ClCompile Include="grit_ogre\RenderSystems\GL\src\nvparse\_rc1.0_parser.cpp">
      <Filter>Source Files</Filter>
    </ClCompile>
    <ClCompile Include="grit_ogre\RenderSystems\GL\src\nvparse\_ts1.0_lexer.cpp">
      <Filter>Source Files</Filter>
    </ClCompile>
    <ClCompile Include="grit_ogre\RenderSystems\GL\src\nvparse\_ts1.0_parser.cpp">
      <Filter>Source Files</Filter>
    </ClCompile>
    <ClCompile Include="grit_ogre\RenderSystems\GL\src\nvparse\_vs1.0_lexer.cpp">
      <Filter>Source Files</Filter>
    </ClCompile>
    <ClCompile Include="grit_ogre\RenderSystems\GL\src\nvparse\_vs1.0_parser.cpp">
      <Filter>Source Files</Filter>
    </ClCompile>
    <ClCompile Include="grit_ogre\RenderSystems\GL\src\atifs\src\ATI_FS_GLGpuProgram.cpp">
      <Filter>Source Files</Filter>
    </ClCompile>
    <ClCompile Include="grit_ogre\RenderSystems\GL\src\nvparse\avp1.0_impl.cpp">
      <Filter>Source Files</Filter>
    </ClCompile>
    <ClCompile Include="grit_ogre\RenderSystems\GL\src\atifs\src\Compiler2Pass.cpp">
      <Filter>Source Files</Filter>
    </ClCompile>
    <ClCompile Include="grit_ogre\RenderSystems\GL\src\glew.cpp">
      <Filter>Source Files</Filter>
    </ClCompile>
    <ClCompile Include="grit_ogre\RenderSystems\GL\src\nvparse\nvparse.cpp">
      <Filter>Source Files</Filter>
    </ClCompile>
    <ClCompile Include="grit_ogre\RenderSystems\GL\src\nvparse\nvparse_errors.cpp">
      <Filter>Source Files</Filter>
    </ClCompile>
    <ClCompile Include="grit_ogre\OgreMain\src\OgreAlignedAllocator.cpp">
      <Filter>Source Files</Filter>
    </ClCompile>
    <ClCompile Include="grit_ogre\OgreMain\src\OgreAnimable.cpp">
      <Filter>Source Files</Filter>
    </ClCompile>
    <ClCompile Include="grit_ogre\OgreMain\src\OgreAnimation.cpp">
      <Filter>Source Files</Filter>
    </ClCompile>
    <ClCompile Include="grit_ogre\OgreMain\src\OgreAnimationState.cpp">
      <Filter>Source Files</Filter>
    </ClCompile>
    <ClCompile Include="grit_ogre\OgreMain\src\OgreAnimationTrack.cpp">
      <Filter>Source Files</Filter>
    </ClCompile>
    <ClCompile Include="grit_ogre\OgreMain\src\OgreArchiveManager.cpp">
      <Filter>Source Files</Filter>
    </ClCompile>
    <ClCompile Include="grit_ogre\OgreMain\src\OgreAutoParamDataSource.cpp">
      <Filter>Source Files</Filter>
    </ClCompile>
    <ClCompile Include="grit_ogre\OgreMain\src\OgreAxisAlignedBox.cpp">
      <Filter>Source Files</Filter>
    </ClCompile>
    <ClCompile Include="grit_ogre\OgreMain\src\OgreBillboard.cpp">
      <Filter>Source Files</Filter>
    </ClCompile>
    <ClCompile Include="grit_ogre\OgreMain\src\OgreBillboardChain.cpp">
      <Filter>Source Files</Filter>
    </ClCompile>
    <ClCompile Include="grit_ogre\OgreMain\src\OgreBillboardParticleRenderer.cpp">
      <Filter>Source Files</Filter>
    </ClCompile>
    <ClCompile Include="grit_ogre\OgreMain\src\OgreBillboardSet.cpp">
      <Filter>Source Files</Filter>
    </ClCompile>
    <ClCompile Include="grit_ogre\OgreMain\src\OgreBone.cpp">
      <Filter>Source Files</Filter>
    </ClCompile>
    <ClCompile Include="grit_ogre\OgreMain\src\OgreCamera.cpp">
      <Filter>Source Files</Filter>
    </ClCompile>
    <ClCompile Include="grit_ogre\PlugIns\CgProgramManager\src\OgreCgFxScriptLoader.cpp">
      <Filter>Source Files</Filter>
    </ClCompile>
    <ClCompile Include="grit_ogre\PlugIns\CgProgramManager\src\OgreCgPlugin.cpp">
      <Filter>Source Files</Filter>
    </ClCompile>
    <ClCompile Include="grit_ogre\PlugIns\CgProgramManager\src\OgreCgProgram.cpp">
      <Filter>Source Files</Filter>
    </ClCompile>
    <ClCompile Include="grit_ogre\PlugIns\CgProgramManager\src\OgreCgProgramFactory.cpp">
      <Filter>Source Files</Filter>
    </ClCompile>
    <ClCompile Include="grit_ogre\PlugIns\CgProgramManager\src\OgreCgProgramManagerDll.cpp">
      <Filter>Source Files</Filter>
    </ClCompile>
    <ClCompile Include="grit_ogre\OgreMain\src\OgreCodec.cpp">
      <Filter>Source Files</Filter>
    </ClCompile>
    <ClCompile Include="grit_ogre\OgreMain\src\OgreColourValue.cpp">
      <Filter>Source Files</Filter>
    </ClCompile>
    <ClCompile Include="grit_ogre\OgreMain\src\OgreCommon.cpp">
      <Filter>Source Files</Filter>
    </ClCompile>
    <ClCompile Include="grit_ogre\OgreMain\src\OgreCompositionPass.cpp">
      <Filter>Source Files</Filter>
    </ClCompile>
    <ClCompile Include="grit_ogre\OgreMain\src\OgreCompositionTargetPass.cpp">
      <Filter>Source Files</Filter>
    </ClCompile>
    <ClCompile Include="grit_ogre\OgreMain\src\OgreCompositionTechnique.cpp">
      <Filter>Source Files</Filter>
    </ClCompile>
    <ClCompile Include="grit_ogre\OgreMain\src\OgreCompositor.cpp">
      <Filter>Source Files</Filter>
    </ClCompile>
    <ClCompile Include="grit_ogre\OgreMain\src\OgreCompositorChain.cpp">
      <Filter>Source Files</Filter>
    </ClCompile>
    <ClCompile Include="grit_ogre\OgreMain\src\OgreCompositorInstance.cpp">
      <Filter>Source Files</Filter>
    </ClCompile>
    <ClCompile Include="grit_ogre\OgreMain\src\OgreCompositorManager.cpp">
      <Filter>Source Files</Filter>
    </ClCompile>
    <ClCompile Include="grit_ogre\OgreMain\src\WIN32\OgreConfigDialog.cpp">
      <Filter>Source Files</Filter>
    </ClCompile>
    <ClCompile Include="grit_ogre\OgreMain\src\OgreConfigFile.cpp">
      <Filter>Source Files</Filter>
    </ClCompile>
    <ClCompile Include="grit_ogre\OgreMain\src\OgreControllerManager.cpp">
      <Filter>Source Files</Filter>
    </ClCompile>
    <ClCompile Include="grit_ogre\OgreMain\src\OgreConvexBody.cpp">
      <Filter>Source Files</Filter>
    </ClCompile>
    <ClCompile Include="grit_ogre\RenderSystems\Direct3D9\src\OgreD3D9DepthBuffer.cpp">
      <Filter>Source Files</Filter>
    </ClCompile>
    <ClCompile Include="grit_ogre\RenderSystems\Direct3D9\src\OgreD3D9Device.cpp">
      <Filter>Source Files</Filter>
    </ClCompile>
    <ClCompile Include="grit_ogre\RenderSystems\Direct3D9\src\OgreD3D9DeviceManager.cpp">
      <Filter>Source Files</Filter>
    </ClCompile>
    <ClCompile Include="grit_ogre\RenderSystems\Direct3D9\src\OgreD3D9Driver.cpp">
      <Filter>Source Files</Filter>
    </ClCompile>
    <ClCompile Include="grit_ogre\RenderSystems\Direct3D9\src\OgreD3D9DriverList.cpp">
      <Filter>Source Files</Filter>
    </ClCompile>
    <ClCompile Include="grit_ogre\RenderSystems\Direct3D9\src\OgreD3D9GpuProgram.cpp">
      <Filter>Source Files</Filter>
    </ClCompile>
    <ClCompile Include="grit_ogre\RenderSystems\Direct3D9\src\OgreD3D9GpuProgramManager.cpp">
      <Filter>Source Files</Filter>
    </ClCompile>
    <ClCompile Include="grit_ogre\RenderSystems\Direct3D9\src\OgreD3D9HardwareBufferManager.cpp">
      <Filter>Source Files</Filter>
    </ClCompile>
    <ClCompile Include="grit_ogre\RenderSystems\Direct3D9\src\OgreD3D9HardwareIndexBuffer.cpp">
      <Filter>Source Files</Filter>
    </ClCompile>
    <ClCompile Include="grit_ogre\RenderSystems\Direct3D9\src\OgreD3D9HardwareOcclusionQuery.cpp">
      <Filter>Source Files</Filter>
    </ClCompile>
    <ClCompile Include="grit_ogre\RenderSystems\Direct3D9\src\OgreD3D9HardwarePixelBuffer.cpp">
      <Filter>Source Files</Filter>
    </ClCompile>
    <ClCompile Include="grit_ogre\RenderSystems\Direct3D9\src\OgreD3D9HardwareVertexBuffer.cpp">
      <Filter>Source Files</Filter>
    </ClCompile>
    <ClCompile Include="grit_ogre\RenderSystems\Direct3D9\src\OgreD3D9HLSLProgram.cpp">
      <Filter>Source Files</Filter>
    </ClCompile>
    <ClCompile Include="grit_ogre\RenderSystems\Direct3D9\src\OgreD3D9HLSLProgramFactory.cpp">
      <Filter>Source Files</Filter>
    </ClCompile>
    <ClCompile Include="grit_ogre\RenderSystems\Direct3D9\src\OgreD3D9Mappings.cpp">
      <Filter>Source Files</Filter>
    </ClCompile>
    <ClCompile Include="grit_ogre\RenderSystems\Direct3D9\src\OgreD3D9MultiRenderTarget.cpp">
      <Filter>Source Files</Filter>
    </ClCompile>
    <ClCompile Include="grit_ogre\RenderSystems\Direct3D9\src\OgreD3D9Plugin.cpp">
      <Filter>Source Files</Filter>
    </ClCompile>
    <ClCompile Include="grit_ogre\RenderSystems\Direct3D9\src\OgreD3D9RenderSystem.cpp">
      <Filter>Source Files</Filter>
    </ClCompile>
    <ClCompile Include="grit_ogre\RenderSystems\Direct3D9\src\OgreD3D9RenderWindow.cpp">
      <Filter>Source Files</Filter>
    </ClCompile>
    <ClCompile Include="grit_ogre\RenderSystems\Direct3D9\src\OgreD3D9Resource.cpp">
      <Filter>Source Files</Filter>
    </ClCompile>
    <ClCompile Include="grit_ogre\RenderSystems\Direct3D9\src\OgreD3D9ResourceManager.cpp">
      <Filter>Source Files</Filter>
    </ClCompile>
    <ClCompile Include="grit_ogre\RenderSystems\Direct3D9\src\OgreD3D9Texture.cpp">
      <Filter>Source Files</Filter>
    </ClCompile>
    <ClCompile Include="grit_ogre\RenderSystems\Direct3D9\src\OgreD3D9TextureManager.cpp">
      <Filter>Source Files</Filter>
    </ClCompile>
    <ClCompile Include="grit_ogre\RenderSystems\Direct3D9\src\OgreD3D9VertexDeclaration.cpp">
      <Filter>Source Files</Filter>
    </ClCompile>
    <ClCompile Include="grit_ogre\RenderSystems\Direct3D9\src\OgreD3D9VideoMode.cpp">
      <Filter>Source Files</Filter>
    </ClCompile>
    <ClCompile Include="grit_ogre\RenderSystems\Direct3D9\src\OgreD3D9VideoModeList.cpp">
      <Filter>Source Files</Filter>
    </ClCompile>
    <ClCompile Include="grit_ogre\OgreMain\src\OgreDataStream.cpp">
      <Filter>Source Files</Filter>
    </ClCompile>
    <ClCompile Include="grit_ogre\OgreMain\src\OgreDDSCodec.cpp">
      <Filter>Source Files</Filter>
    </ClCompile>
    <ClCompile Include="grit_ogre\OgreMain\src\OgreDefaultHardwareBufferManager.cpp">
      <Filter>Source Files</Filter>
    </ClCompile>
    <ClCompile Include="grit_ogre\OgreMain\src\OgreDefaultSceneQueries.cpp">
      <Filter>Source Files</Filter>
    </ClCompile>
    <ClCompile Include="grit_ogre\OgreMain\src\Threading\OgreDefaultWorkQueueStandard.cpp">
      <Filter>Source Files</Filter>
    </ClCompile>
    <ClCompile Include="grit_ogre\OgreMain\src\OgreDepthBuffer.cpp">
      <Filter>Source Files</Filter>
    </ClCompile>
    <ClCompile Include="grit_ogre\OgreMain\src\OgreDistanceLodStrategy.cpp">
      <Filter>Source Files</Filter>
    </ClCompile>
    <ClCompile Include="grit_ogre\OgreMain\src\OgreDynLib.cpp">
      <Filter>Source Files</Filter>
    </ClCompile>
    <ClCompile Include="grit_ogre\OgreMain\src\OgreDynLibManager.cpp">
      <Filter>Source Files</Filter>
    </ClCompile>
    <ClCompile Include="grit_ogre\OgreMain\src\OgreEdgeListBuilder.cpp">
      <Filter>Source Files</Filter>
    </ClCompile>
    <ClCompile Include="grit_ogre\OgreMain\src\OgreEntity.cpp">
      <Filter>Source Files</Filter>
    </ClCompile>
    <ClCompile Include="grit_ogre\OgreMain\src\WIN32\OgreErrorDialog.cpp">
      <Filter>Source Files</Filter>
    </ClCompile>
    <ClCompile Include="grit_ogre\OgreMain\src\OgreException.cpp">
      <Filter>Source Files</Filter>
    </ClCompile>
    <ClCompile Include="grit_ogre\OgreMain\src\OgreExternalTextureSource.cpp">
      <Filter>Source Files</Filter>
    </ClCompile>
    <ClCompile Include="grit_ogre\OgreMain\src\OgreExternalTextureSourceManager.cpp">
      <Filter>Source Files</Filter>
    </ClCompile>
    <ClCompile Include="grit_ogre\OgreMain\src\OgreFileSystem.cpp">
      <Filter>Source Files</Filter>
    </ClCompile>
    <ClCompile Include="grit_ogre\OgreMain\src\OgreFreeImageCodec.cpp">
      <Filter>Source Files</Filter>
    </ClCompile>
    <ClCompile Include="grit_ogre\OgreMain\src\OgreFrustum.cpp">
      <Filter>Source Files</Filter>
    </ClCompile>
    <ClCompile Include="grit_ogre\RenderSystems\GL\src\OgreGLATIFSInit.cpp">
      <Filter>Source Files</Filter>
    </ClCompile>
    <ClCompile Include="grit_ogre\RenderSystems\GL\src\OgreGLContext.cpp">
      <Filter>Source Files</Filter>
    </ClCompile>
    <ClCompile Include="grit_ogre\RenderSystems\GL\src\OgreGLDefaultHardwareBufferManager.cpp">
      <Filter>Source Files</Filter>
    </ClCompile>
    <ClCompile Include="grit_ogre\RenderSystems\GL\src\OgreGLDepthBuffer.cpp">
      <Filter>Source Files</Filter>
    </ClCompile>
    <ClCompile Include="grit_ogre\RenderSystems\GL\src\OgreGLFBOMultiRenderTarget.cpp">
      <Filter>Source Files</Filter>
    </ClCompile>
    <ClCompile Include="grit_ogre\RenderSystems\GL\src\OgreGLFBORenderTexture.cpp">
      <Filter>Source Files</Filter>
    </ClCompile>
    <ClCompile Include="grit_ogre\RenderSystems\GL\src\OgreGLFrameBufferObject.cpp">
      <Filter>Source Files</Filter>
    </ClCompile>
    <ClCompile Include="grit_ogre\RenderSystems\GL\src\OgreGLGpuNvparseProgram.cpp">
      <Filter>Source Files</Filter>
    </ClCompile>
    <ClCompile Include="grit_ogre\RenderSystems\GL\src\OgreGLGpuProgram.cpp">
      <Filter>Source Files</Filter>
    </ClCompile>
    <ClCompile Include="grit_ogre\RenderSystems\GL\src\OgreGLGpuProgramManager.cpp">
      <Filter>Source Files</Filter>
    </ClCompile>
    <ClCompile Include="grit_ogre\RenderSystems\GL\src\OgreGLHardwareBufferManager.cpp">
      <Filter>Source Files</Filter>
    </ClCompile>
    <ClCompile Include="grit_ogre\RenderSystems\GL\src\OgreGLHardwareIndexBuffer.cpp">
      <Filter>Source Files</Filter>
    </ClCompile>
    <ClCompile Include="grit_ogre\RenderSystems\GL\src\OgreGLHardwareOcclusionQuery.cpp">
      <Filter>Source Files</Filter>
    </ClCompile>
    <ClCompile Include="grit_ogre\RenderSystems\GL\src\OgreGLHardwarePixelBuffer.cpp">
      <Filter>Source Files</Filter>
    </ClCompile>
    <ClCompile Include="grit_ogre\RenderSystems\GL\src\OgreGLHardwareVertexBuffer.cpp">
      <Filter>Source Files</Filter>
    </ClCompile>
    <ClCompile Include="grit_ogre\RenderSystems\GL\src\OgreGLPBRenderTexture.cpp">
      <Filter>Source Files</Filter>
    </ClCompile>
    <ClCompile Include="grit_ogre\RenderSystems\GL\src\OgreGLPixelFormat.cpp">
      <Filter>Source Files</Filter>
    </ClCompile>
    <ClCompile Include="grit_ogre\RenderSystems\GL\src\OgreGLPlugin.cpp">
      <Filter>Source Files</Filter>
    </ClCompile>
    <ClCompile Include="grit_ogre\RenderSystems\GL\src\OgreGLRenderSystem.cpp">
      <Filter>Source Files</Filter>
    </ClCompile>
    <ClCompile Include="grit_ogre\RenderSystems\GL\src\OgreGLRenderTexture.cpp">
      <Filter>Source Files</Filter>
    </ClCompile>
    <ClCompile Include="grit_ogre\RenderSystems\GL\src\OgreGLRenderToVertexBuffer.cpp">
      <Filter>Source Files</Filter>
    </ClCompile>
    <ClCompile Include="grit_ogre\RenderSystems\GL\src\GLSL\src\OgreGLSLExtSupport.cpp">
      <Filter>Source Files</Filter>
    </ClCompile>
    <ClCompile Include="grit_ogre\RenderSystems\GL\src\GLSL\src\OgreGLSLGpuProgram.cpp">
      <Filter>Source Files</Filter>
    </ClCompile>
    <ClCompile Include="grit_ogre\RenderSystems\GL\src\GLSL\src\OgreGLSLLinkProgram.cpp">
      <Filter>Source Files</Filter>
    </ClCompile>
    <ClCompile Include="grit_ogre\RenderSystems\GL\src\GLSL\src\OgreGLSLLinkProgramManager.cpp">
      <Filter>Source Files</Filter>
    </ClCompile>
    <ClCompile Include="grit_ogre\RenderSystems\GL\src\GLSL\src\OgreGLSLPreprocessor.cpp">
      <Filter>Source Files</Filter>
    </ClCompile>
    <ClCompile Include="grit_ogre\RenderSystems\GL\src\GLSL\src\OgreGLSLProgram.cpp">
      <Filter>Source Files</Filter>
    </ClCompile>
    <ClCompile Include="grit_ogre\RenderSystems\GL\src\GLSL\src\OgreGLSLProgramFactory.cpp">
      <Filter>Source Files</Filter>
    </ClCompile>
    <ClCompile Include="grit_ogre\RenderSystems\GL\src\OgreGLSupport.cpp">
      <Filter>Source Files</Filter>
    </ClCompile>
    <ClCompile Include="grit_ogre\RenderSystems\GL\src\OgreGLTexture.cpp">
      <Filter>Source Files</Filter>
    </ClCompile>
    <ClCompile Include="grit_ogre\RenderSystems\GL\src\OgreGLTextureManager.cpp">
      <Filter>Source Files</Filter>
    </ClCompile>
    <ClCompile Include="grit_ogre\OgreMain\src\OgreGpuProgram.cpp">
      <Filter>Source Files</Filter>
    </ClCompile>
    <ClCompile Include="grit_ogre\OgreMain\src\OgreGpuProgramManager.cpp">
      <Filter>Source Files</Filter>
    </ClCompile>
    <ClCompile Include="grit_ogre\OgreMain\src\OgreGpuProgramParams.cpp">
      <Filter>Source Files</Filter>
    </ClCompile>
    <ClCompile Include="grit_ogre\OgreMain\src\OgreGpuProgramUsage.cpp">
      <Filter>Source Files</Filter>
    </ClCompile>
    <ClCompile Include="grit_ogre\OgreMain\src\OgreHardwareBufferManager.cpp">
      <Filter>Source Files</Filter>
    </ClCompile>
    <ClCompile Include="grit_ogre\OgreMain\src\OgreHardwareIndexBuffer.cpp">
      <Filter>Source Files</Filter>
    </ClCompile>
    <ClCompile Include="grit_ogre\OgreMain\src\OgreHardwareOcclusionQuery.cpp">
      <Filter>Source Files</Filter>
    </ClCompile>
    <ClCompile Include="grit_ogre\OgreMain\src\OgreHardwarePixelBuffer.cpp">
      <Filter>Source Files</Filter>
    </ClCompile>
    <ClCompile Include="grit_ogre\OgreMain\src\OgreHardwareVertexBuffer.cpp">
      <Filter>Source Files</Filter>
    </ClCompile>
    <ClCompile Include="grit_ogre\OgreMain\src\OgreHighLevelGpuProgram.cpp">
      <Filter>Source Files</Filter>
    </ClCompile>
    <ClCompile Include="grit_ogre\OgreMain\src\OgreHighLevelGpuProgramManager.cpp">
      <Filter>Source Files</Filter>
    </ClCompile>
    <ClCompile Include="grit_ogre\OgreMain\src\OgreImage.cpp">
      <Filter>Source Files</Filter>
    </ClCompile>
    <ClCompile Include="grit_ogre\OgreMain\src\OgreInstanceBatch.cpp">
      <Filter>Source Files</Filter>
    </ClCompile>
    <ClCompile Include="grit_ogre\OgreMain\src\OgreInstanceBatchHW.cpp">
      <Filter>Source Files</Filter>
    </ClCompile>
    <ClCompile Include="grit_ogre\OgreMain\src\OgreInstanceBatchHW_VTF.cpp">
      <Filter>Source Files</Filter>
    </ClCompile>
    <ClCompile Include="grit_ogre\OgreMain\src\OgreInstanceBatchShader.cpp">
      <Filter>Source Files</Filter>
    </ClCompile>
    <ClCompile Include="grit_ogre\OgreMain\src\OgreInstanceBatchVTF.cpp">
      <Filter>Source Files</Filter>
    </ClCompile>
    <ClCompile Include="grit_ogre\OgreMain\src\OgreInstancedEntity.cpp">
      <Filter>Source Files</Filter>
    </ClCompile>
    <ClCompile Include="grit_ogre\OgreMain\src\OgreInstancedGeometry.cpp">
      <Filter>Source Files</Filter>
    </ClCompile>
    <ClCompile Include="grit_ogre\OgreMain\src\OgreInstanceManager.cpp">
      <Filter>Source Files</Filter>
    </ClCompile>
    <ClCompile Include="grit_ogre\OgreMain\src\OgreKeyFrame.cpp">
      <Filter>Source Files</Filter>
    </ClCompile>
    <ClCompile Include="grit_ogre\OgreMain\src\OgreLight.cpp">
      <Filter>Source Files</Filter>
    </ClCompile>
    <ClCompile Include="grit_ogre\OgreMain\src\OgreLodStrategy.cpp">
      <Filter>Source Files</Filter>
    </ClCompile>
    <ClCompile Include="grit_ogre\OgreMain\src\OgreLodStrategyManager.cpp">
      <Filter>Source Files</Filter>
    </ClCompile>
    <ClCompile Include="grit_ogre\OgreMain\src\OgreLog.cpp">
      <Filter>Source Files</Filter>
    </ClCompile>
    <ClCompile Include="grit_ogre\OgreMain\src\OgreLogManager.cpp">
      <Filter>Source Files</Filter>
    </ClCompile>
    <ClCompile Include="grit_ogre\OgreMain\src\OgreManualObject.cpp">
      <Filter>Source Files</Filter>
    </ClCompile>
    <ClCompile Include="grit_ogre\OgreMain\src\OgreMaterial.cpp">
      <Filter>Source Files</Filter>
    </ClCompile>
    <ClCompile Include="grit_ogre\OgreMain\src\OgreMaterialManager.cpp">
      <Filter>Source Files</Filter>
    </ClCompile>
    <ClCompile Include="grit_ogre\OgreMain\src\OgreMaterialSerializer.cpp">
      <Filter>Source Files</Filter>
    </ClCompile>
    <ClCompile Include="grit_ogre\OgreMain\src\OgreMath.cpp">
      <Filter>Source Files</Filter>
    </ClCompile>
    <ClCompile Include="grit_ogre\OgreMain\src\OgreMatrix3.cpp">
      <Filter>Source Files</Filter>
    </ClCompile>
    <ClCompile Include="grit_ogre\OgreMain\src\OgreMatrix4.cpp">
      <Filter>Source Files</Filter>
    </ClCompile>
    <ClCompile Include="grit_ogre\OgreMain\src\OgreMemoryAllocatedObject.cpp">
      <Filter>Source Files</Filter>
    </ClCompile>
    <ClCompile Include="grit_ogre\OgreMain\src\OgreMemoryTracker.cpp">
      <Filter>Source Files</Filter>
    </ClCompile>
    <ClCompile Include="grit_ogre\OgreMain\src\OgreMesh.cpp">
      <Filter>Source Files</Filter>
    </ClCompile>
    <ClCompile Include="grit_ogre\OgreMain\src\OgreMeshManager.cpp">
      <Filter>Source Files</Filter>
    </ClCompile>
    <ClCompile Include="grit_ogre\OgreMain\src\OgreMeshSerializer.cpp">
      <Filter>Source Files</Filter>
    </ClCompile>
    <ClCompile Include="grit_ogre\OgreMain\src\OgreMeshSerializerImpl.cpp">
      <Filter>Source Files</Filter>
    </ClCompile>
    <ClCompile Include="grit_ogre\OgreMain\src\OgreMovableObject.cpp">
      <Filter>Source Files</Filter>
    </ClCompile>
    <ClCompile Include="grit_ogre\OgreMain\src\OgreMovablePlane.cpp">
      <Filter>Source Files</Filter>
    </ClCompile>
    <ClCompile Include="grit_ogre\OgreMain\src\OgreNode.cpp">
      <Filter>Source Files</Filter>
    </ClCompile>
    <ClCompile Include="grit_ogre\OgreMain\src\OgreNumerics.cpp">
      <Filter>Source Files</Filter>
    </ClCompile>
    <ClCompile Include="grit_ogre\PlugIns\OctreeSceneManager\src\OgreOctree.cpp">
      <Filter>Source Files</Filter>
    </ClCompile>
    <ClCompile Include="grit_ogre\PlugIns\OctreeSceneManager\src\OgreOctreeCamera.cpp">
      <Filter>Source Files</Filter>
    </ClCompile>
    <ClCompile Include="grit_ogre\PlugIns\OctreeSceneManager\src\OgreOctreeNode.cpp">
      <Filter>Source Files</Filter>
    </ClCompile>
    <ClCompile Include="grit_ogre\PlugIns\OctreeSceneManager\src\OgreOctreePlugin.cpp">
      <Filter>Source Files</Filter>
    </ClCompile>
    <ClCompile Include="grit_ogre\PlugIns\OctreeSceneManager\src\OgreOctreeSceneManager.cpp">
      <Filter>Source Files</Filter>
    </ClCompile>
    <ClCompile Include="grit_ogre\PlugIns\OctreeSceneManager\src\OgreOctreeSceneQuery.cpp">
      <Filter>Source Files</Filter>
    </ClCompile>
    <ClCompile Include="grit_ogre\OgreMain\src\OgreOptimisedUtil.cpp">
      <Filter>Source Files</Filter>
    </ClCompile>
    <ClCompile Include="grit_ogre\OgreMain\src\OgreOptimisedUtilGeneral.cpp">
      <Filter>Source Files</Filter>
    </ClCompile>
    <ClCompile Include="grit_ogre\OgreMain\src\OgreOptimisedUtilSSE.cpp">
      <Filter>Source Files</Filter>
    </ClCompile>
    <ClCompile Include="grit_ogre\OgreMain\src\OgreParticle.cpp">
      <Filter>Source Files</Filter>
    </ClCompile>
    <ClCompile Include="grit_ogre\OgreMain\src\OgreParticleEmitter.cpp">
      <Filter>Source Files</Filter>
    </ClCompile>
    <ClCompile Include="grit_ogre\OgreMain\src\OgreParticleEmitterCommands.cpp">
      <Filter>Source Files</Filter>
    </ClCompile>
    <ClCompile Include="grit_ogre\OgreMain\src\OgreParticleIterator.cpp">
      <Filter>Source Files</Filter>
    </ClCompile>
    <ClCompile Include="grit_ogre\OgreMain\src\OgreParticleSystem.cpp">
      <Filter>Source Files</Filter>
    </ClCompile>
    <ClCompile Include="grit_ogre\OgreMain\src\OgreParticleSystemManager.cpp">
      <Filter>Source Files</Filter>
    </ClCompile>
    <ClCompile Include="grit_ogre\OgreMain\src\OgrePass.cpp">
      <Filter>Source Files</Filter>
    </ClCompile>
    <ClCompile Include="grit_ogre\OgreMain\src\OgrePatchMesh.cpp">
      <Filter>Source Files</Filter>
    </ClCompile>
    <ClCompile Include="grit_ogre\OgreMain\src\OgrePatchSurface.cpp">
      <Filter>Source Files</Filter>
    </ClCompile>
    <ClCompile Include="grit_ogre\OgreMain\src\OgrePixelCountLodStrategy.cpp">
      <Filter>Source Files</Filter>
    </ClCompile>
    <ClCompile Include="grit_ogre\OgreMain\src\OgrePixelFormat.cpp">
      <Filter>Source Files</Filter>
    </ClCompile>
    <ClCompile Include="grit_ogre\OgreMain\src\OgrePlane.cpp">
      <Filter>Source Files</Filter>
    </ClCompile>
    <ClCompile Include="grit_ogre\OgreMain\src\OgrePlatformInformation.cpp">
      <Filter>Source Files</Filter>
    </ClCompile>
    <ClCompile Include="grit_ogre\OgreMain\src\OgrePolygon.cpp">
      <Filter>Source Files</Filter>
    </ClCompile>
    <ClCompile Include="grit_ogre\OgreMain\src\OgrePose.cpp">
      <Filter>Source Files</Filter>
    </ClCompile>
    <ClCompile Include="grit_ogre\OgreMain\src\OgrePrecompiledHeaders.cpp">
      <Filter>Source Files</Filter>
    </ClCompile>
    <ClCompile Include="grit_ogre\OgreMain\src\OgrePredefinedControllers.cpp">
      <Filter>Source Files</Filter>
    </ClCompile>
    <ClCompile Include="grit_ogre\OgreMain\src\OgrePrefabFactory.cpp">
      <Filter>Source Files</Filter>
    </ClCompile>
    <ClCompile Include="grit_ogre\OgreMain\src\OgreProfiler.cpp">
      <Filter>Source Files</Filter>
    </ClCompile>
    <ClCompile Include="grit_ogre\OgreMain\src\OgrePVRTCCodec.cpp">
      <Filter>Source Files</Filter>
    </ClCompile>
    <ClCompile Include="grit_ogre\OgreMain\src\OgreQuaternion.cpp">
      <Filter>Source Files</Filter>
    </ClCompile>
    <ClCompile Include="grit_ogre\OgreMain\src\OgreRectangle2D.cpp">
      <Filter>Source Files</Filter>
    </ClCompile>
    <ClCompile Include="grit_ogre\OgreMain\src\OgreRenderQueue.cpp">
      <Filter>Source Files</Filter>
    </ClCompile>
    <ClCompile Include="grit_ogre\OgreMain\src\OgreRenderQueueInvocation.cpp">
      <Filter>Source Files</Filter>
    </ClCompile>
    <ClCompile Include="grit_ogre\OgreMain\src\OgreRenderQueueSortingGrouping.cpp">
      <Filter>Source Files</Filter>
    </ClCompile>
    <ClCompile Include="grit_ogre\OgreMain\src\OgreRenderSystem.cpp">
      <Filter>Source Files</Filter>
    </ClCompile>
    <ClCompile Include="grit_ogre\OgreMain\src\OgreRenderSystemCapabilities.cpp">
      <Filter>Source Files</Filter>
    </ClCompile>
    <ClCompile Include="grit_ogre\OgreMain\src\OgreRenderSystemCapabilitiesManager.cpp">
      <Filter>Source Files</Filter>
    </ClCompile>
    <ClCompile Include="grit_ogre\OgreMain\src\OgreRenderSystemCapabilitiesSerializer.cpp">
      <Filter>Source Files</Filter>
    </ClCompile>
    <ClCompile Include="grit_ogre\OgreMain\src\OgreRenderTarget.cpp">
      <Filter>Source Files</Filter>
    </ClCompile>
    <ClCompile Include="grit_ogre\OgreMain\src\OgreRenderTexture.cpp">
      <Filter>Source Files</Filter>
    </ClCompile>
    <ClCompile Include="grit_ogre\OgreMain\src\OgreRenderToVertexBuffer.cpp">
      <Filter>Source Files</Filter>
    </ClCompile>
    <ClCompile Include="grit_ogre\OgreMain\src\OgreRenderWindow.cpp">
      <Filter>Source Files</Filter>
    </ClCompile>
    <ClCompile Include="grit_ogre\OgreMain\src\OgreResource.cpp">
      <Filter>Source Files</Filter>
    </ClCompile>
    <ClCompile Include="grit_ogre\OgreMain\src\OgreResourceBackgroundQueue.cpp">
      <Filter>Source Files</Filter>
    </ClCompile>
    <ClCompile Include="grit_ogre\OgreMain\src\OgreResourceGroupManager.cpp">
      <Filter>Source Files</Filter>
    </ClCompile>
    <ClCompile Include="grit_ogre\OgreMain\src\OgreResourceManager.cpp">
      <Filter>Source Files</Filter>
    </ClCompile>
    <ClCompile Include="grit_ogre\OgreMain\src\OgreRibbonTrail.cpp">
      <Filter>Source Files</Filter>
    </ClCompile>
    <ClCompile Include="grit_ogre\OgreMain\src\OgreRoot.cpp">
      <Filter>Source Files</Filter>
    </ClCompile>
    <ClCompile Include="grit_ogre\OgreMain\src\OgreRotationSpline.cpp">
      <Filter>Source Files</Filter>
    </ClCompile>
    <ClCompile Include="grit_ogre\OgreMain\src\OgreSceneManager.cpp">
      <Filter>Source Files</Filter>
    </ClCompile>
    <ClCompile Include="grit_ogre\OgreMain\src\OgreSceneManagerEnumerator.cpp">
      <Filter>Source Files</Filter>
    </ClCompile>
    <ClCompile Include="grit_ogre\OgreMain\src\OgreSceneNode.cpp">
      <Filter>Source Files</Filter>
    </ClCompile>
    <ClCompile Include="grit_ogre\OgreMain\src\OgreSceneQuery.cpp">
      <Filter>Source Files</Filter>
    </ClCompile>
    <ClCompile Include="grit_ogre\OgreMain\src\OgreScriptCompiler.cpp">
      <Filter>Source Files</Filter>
    </ClCompile>
    <ClCompile Include="grit_ogre\OgreMain\src\OgreScriptLexer.cpp">
      <Filter>Source Files</Filter>
    </ClCompile>
    <ClCompile Include="grit_ogre\OgreMain\src\OgreScriptParser.cpp">
      <Filter>Source Files</Filter>
    </ClCompile>
    <ClCompile Include="grit_ogre\OgreMain\src\OgreScriptTranslator.cpp">
      <Filter>Source Files</Filter>
    </ClCompile>
    <ClCompile Include="grit_ogre\OgreMain\src\OgreSearchOps.cpp">
      <Filter>Source Files</Filter>
    </ClCompile>
    <ClCompile Include="grit_ogre\OgreMain\src\OgreSerializer.cpp">
      <Filter>Source Files</Filter>
    </ClCompile>
    <ClCompile Include="grit_ogre\OgreMain\src\OgreShadowCameraSetup.cpp">
      <Filter>Source Files</Filter>
    </ClCompile>
    <ClCompile Include="grit_ogre\OgreMain\src\OgreShadowCameraSetupFocused.cpp">
      <Filter>Source Files</Filter>
    </ClCompile>
    <ClCompile Include="grit_ogre\OgreMain\src\OgreShadowCameraSetupLiSPSM.cpp">
      <Filter>Source Files</Filter>
    </ClCompile>
    <ClCompile Include="grit_ogre\OgreMain\src\OgreShadowCameraSetupPlaneOptimal.cpp">
      <Filter>Source Files</Filter>
    </ClCompile>
    <ClCompile Include="grit_ogre\OgreMain\src\OgreShadowCameraSetupPSSM.cpp">
      <Filter>Source Files</Filter>
    </ClCompile>
    <ClCompile Include="grit_ogre\OgreMain\src\OgreShadowCaster.cpp">
      <Filter>Source Files</Filter>
    </ClCompile>
    <ClCompile Include="grit_ogre\OgreMain\src\OgreShadowTextureManager.cpp">
      <Filter>Source Files</Filter>
    </ClCompile>
    <ClCompile Include="grit_ogre\OgreMain\src\OgreShadowVolumeExtrudeProgram.cpp">
      <Filter>Source Files</Filter>
    </ClCompile>
    <ClCompile Include="grit_ogre\OgreMain\src\OgreSimpleRenderable.cpp">
      <Filter>Source Files</Filter>
    </ClCompile>
    <ClCompile Include="grit_ogre\OgreMain\src\OgreSimpleSpline.cpp">
      <Filter>Source Files</Filter>
    </ClCompile>
    <ClCompile Include="grit_ogre\OgreMain\src\OgreSkeleton.cpp">
      <Filter>Source Files</Filter>
    </ClCompile>
    <ClCompile Include="grit_ogre\OgreMain\src\OgreSkeletonInstance.cpp">
      <Filter>Source Files</Filter>
    </ClCompile>
    <ClCompile Include="grit_ogre\OgreMain\src\OgreSkeletonManager.cpp">
      <Filter>Source Files</Filter>
    </ClCompile>
    <ClCompile Include="grit_ogre\OgreMain\src\OgreSkeletonSerializer.cpp">
      <Filter>Source Files</Filter>
    </ClCompile>
    <ClCompile Include="grit_ogre\OgreMain\src\OgreSmallVector.cpp">
      <Filter>Source Files</Filter>
    </ClCompile>
    <ClCompile Include="grit_ogre\OgreMain\src\OgreStaticGeometry.cpp">
      <Filter>Source Files</Filter>
    </ClCompile>
    <ClCompile Include="grit_ogre\OgreMain\src\OgreStreamSerialiser.cpp">
      <Filter>Source Files</Filter>
    </ClCompile>
    <ClCompile Include="grit_ogre\OgreMain\src\OgreString.cpp">
      <Filter>Source Files</Filter>
    </ClCompile>
    <ClCompile Include="grit_ogre\OgreMain\src\OgreStringConverter.cpp">
      <Filter>Source Files</Filter>
    </ClCompile>
    <ClCompile Include="grit_ogre\OgreMain\src\OgreStringInterface.cpp">
      <Filter>Source Files</Filter>
    </ClCompile>
    <ClCompile Include="grit_ogre\OgreMain\src\OgreSubEntity.cpp">
      <Filter>Source Files</Filter>
    </ClCompile>
    <ClCompile Include="grit_ogre\OgreMain\src\OgreSubMesh.cpp">
      <Filter>Source Files</Filter>
    </ClCompile>
    <ClCompile Include="grit_ogre\OgreMain\src\OgreTagPoint.cpp">
      <Filter>Source Files</Filter>
    </ClCompile>
    <ClCompile Include="grit_ogre\OgreMain\src\OgreTangentSpaceCalc.cpp">
      <Filter>Source Files</Filter>
    </ClCompile>
    <ClCompile Include="grit_ogre\OgreMain\src\OgreTechnique.cpp">
      <Filter>Source Files</Filter>
    </ClCompile>
    <ClCompile Include="grit_ogre\OgreMain\src\OgreTexture.cpp">
      <Filter>Source Files</Filter>
    </ClCompile>
    <ClCompile Include="grit_ogre\OgreMain\src\OgreTextureManager.cpp">
      <Filter>Source Files</Filter>
    </ClCompile>
    <ClCompile Include="grit_ogre\OgreMain\src\OgreTextureUnitState.cpp">
      <Filter>Source Files</Filter>
    </ClCompile>
    <ClCompile Include="grit_ogre\OgreMain\src\WIN32\OgreTimer.cpp">
      <Filter>Source Files</Filter>
    </ClCompile>
    <ClCompile Include="grit_ogre\OgreMain\src\OgreUnifiedHighLevelGpuProgram.cpp">
      <Filter>Source Files</Filter>
    </ClCompile>
    <ClCompile Include="grit_ogre\OgreMain\src\OgreUserObjectBindings.cpp">
      <Filter>Source Files</Filter>
    </ClCompile>
    <ClCompile Include="grit_ogre\OgreMain\src\OgreUTFString.cpp">
      <Filter>Source Files</Filter>
    </ClCompile>
    <ClCompile Include="grit_ogre\OgreMain\src\OgreVector2.cpp">
      <Filter>Source Files</Filter>
    </ClCompile>
    <ClCompile Include="grit_ogre\OgreMain\src\OgreVector3.cpp">
      <Filter>Source Files</Filter>
    </ClCompile>
    <ClCompile Include="grit_ogre\OgreMain\src\OgreVector4.cpp">
      <Filter>Source Files</Filter>
    </ClCompile>
    <ClCompile Include="grit_ogre\OgreMain\src\OgreVertexIndexData.cpp">
      <Filter>Source Files</Filter>
    </ClCompile>
    <ClCompile Include="grit_ogre\OgreMain\src\OgreViewport.cpp">
      <Filter>Source Files</Filter>
    </ClCompile>
    <ClCompile Include="grit_ogre\RenderSystems\GL\src\win32\OgreWin32Context.cpp">
      <Filter>Source Files</Filter>
    </ClCompile>
    <ClCompile Include="grit_ogre\RenderSystems\GL\src\OgreWin32GLSupport.cpp">
      <Filter>Source Files</Filter>
    </ClCompile>
    <ClCompile Include="grit_ogre\RenderSystems\GL\src\OgreWin32RenderTexture.cpp">
      <Filter>Source Files</Filter>
    </ClCompile>
    <ClCompile Include="grit_ogre\RenderSystems\GL\src\OgreWin32Window.cpp">
      <Filter>Source Files</Filter>
    </ClCompile>
    <ClCompile Include="grit_ogre\OgreMain\src\OgreWindowEventUtilities.cpp">
      <Filter>Source Files</Filter>
    </ClCompile>
    <ClCompile Include="grit_ogre\OgreMain\src\OgreWireBoundingBox.cpp">
      <Filter>Source Files</Filter>
    </ClCompile>
    <ClCompile Include="grit_ogre\OgreMain\src\OgreWorkQueue.cpp">
      <Filter>Source Files</Filter>
    </ClCompile>
    <ClCompile Include="grit_ogre\OgreMain\src\OgreZip.cpp">
      <Filter>Source Files</Filter>
    </ClCompile>
    <ClCompile Include="grit_ogre\RenderSystems\GL\src\nvparse\ps1.0_program.cpp">
      <Filter>Source Files</Filter>
    </ClCompile>
    <ClCompile Include="grit_ogre\RenderSystems\GL\src\atifs\src\ps_1_4.cpp">
      <Filter>Source Files</Filter>
    </ClCompile>
    <ClCompile Include="grit_ogre\RenderSystems\GL\src\nvparse\rc1.0_combiners.cpp">
      <Filter>Source Files</Filter>
    </ClCompile>
    <ClCompile Include="grit_ogre\RenderSystems\GL\src\nvparse\rc1.0_final.cpp">
      <Filter>Source Files</Filter>
    </ClCompile>
    <ClCompile Include="grit_ogre\RenderSystems\GL\src\nvparse\rc1.0_general.cpp">
      <Filter>Source Files</Filter>
    </ClCompile>
    <ClCompile Include="grit_ogre\RenderSystems\GL\src\nvparse\ts1.0_inst.cpp">
      <Filter>Source Files</Filter>
    </ClCompile>
    <ClCompile Include="grit_ogre\RenderSystems\GL\src\nvparse\ts1.0_inst_list.cpp">
      <Filter>Source Files</Filter>
    </ClCompile>
    <ClCompile Include="grit_ogre\RenderSystems\GL\src\nvparse\vcp1.0_impl.cpp">
      <Filter>Source Files</Filter>
    </ClCompile>
    <ClCompile Include="grit_ogre\RenderSystems\GL\src\nvparse\vp1.0_impl.cpp">
      <Filter>Source Files</Filter>
    </ClCompile>
    <ClCompile Include="grit_ogre\RenderSystems\GL\src\nvparse\vs1.0_inst.cpp">
      <Filter>Source Files</Filter>
    </ClCompile>
    <ClCompile Include="grit_ogre\RenderSystems\GL\src\nvparse\vs1.0_inst_list.cpp">
      <Filter>Source Files</Filter>
    </ClCompile>
    <ClCompile Include="grit_ogre\RenderSystems\GL\src\nvparse\vsp1.0_impl.cpp">
      <Filter>Source Files</Filter>
    </ClCompile>
    <ClCompile Include="grit_ogre\OgreMain\src\OgreETC1Codec.cpp">
      <Filter>Source Files</Filter>
    </ClCompile>
    <ClCompile Include="grit_ogre\OgreMain\src\OgreDualQuaternion.cpp">
      <Filter>Source Files</Filter>
    </ClCompile>
    <ClCompile Include="grit_ogre\Components\Overlay\src\OgreBorderPanelOverlayElement.cpp">
      <Filter>Source Files</Filter>
    </ClCompile>
    <ClCompile Include="grit_ogre\Components\Overlay\src\OgreFont.cpp">
      <Filter>Source Files</Filter>
    </ClCompile>
    <ClCompile Include="grit_ogre\Components\Overlay\src\OgreFontManager.cpp">
      <Filter>Source Files</Filter>
    </ClCompile>
    <ClCompile Include="grit_ogre\Components\Overlay\src\OgreOverlay.cpp">
      <Filter>Source Files</Filter>
    </ClCompile>
    <ClCompile Include="grit_ogre\Components\Overlay\src\OgreOverlayContainer.cpp">
      <Filter>Source Files</Filter>
    </ClCompile>
    <ClCompile Include="grit_ogre\Components\Overlay\src\OgreOverlayElement.cpp">
      <Filter>Source Files</Filter>
    </ClCompile>
    <ClCompile Include="grit_ogre\Components\Overlay\src\OgreOverlayElementCommands.cpp">
      <Filter>Source Files</Filter>
    </ClCompile>
    <ClCompile Include="grit_ogre\Components\Overlay\src\OgreOverlayElementFactory.cpp">
      <Filter>Source Files</Filter>
    </ClCompile>
    <ClCompile Include="grit_ogre\Components\Overlay\src\OgreOverlayManager.cpp">
      <Filter>Source Files</Filter>
    </ClCompile>
    <ClCompile Include="grit_ogre\Components\Overlay\src\OgreOverlayProfileSessionListener.cpp">
      <Filter>Source Files</Filter>
    </ClCompile>
    <ClCompile Include="grit_ogre\Components\Overlay\src\OgreOverlaySystem.cpp">
      <Filter>Source Files</Filter>
    </ClCompile>
    <ClCompile Include="grit_ogre\Components\Overlay\src\OgrePanelOverlayElement.cpp">
      <Filter>Source Files</Filter>
    </ClCompile>
    <ClCompile Include="grit_ogre\Components\Overlay\src\OgreTextAreaOverlayElement.cpp">
      <Filter>Source Files</Filter>
    </ClCompile>
    <ClCompile Include="grit_ogre\OgreMain\src\OgreQueuedProgressiveMeshGenerator.cpp">
      <Filter>Source Files</Filter>
    </ClCompile>
    <ClCompile Include="grit_ogre\OgreMain\src\OgreProgressiveMeshGenerator.cpp">
      <Filter>Source Files</Filter>
    </ClCompile>
    <ClCompile Include="grit_ogre\OgreMain\src\OgreHardwareCounterBuffer.cpp">
      <Filter>Source Files</Filter>
    </ClCompile>
    <ClCompile Include="grit_ogre\OgreMain\src\OgreHardwareUniformBuffer.cpp">
      <Filter>Source Files</Filter>
    </ClCompile>
  </ItemGroup>
</Project>