<?xml version="1.0" encoding="utf-8"?>
<Project ToolsVersion="4.0" xmlns="http://schemas.microsoft.com/developer/msbuild/2003">
  <ItemGroup>
    <Filter Include="Source Files">
      <UniqueIdentifier>{4FC737F1-C7A5-4376-A066-2A32D752A2FF}</UniqueIdentifier>
      <Extensions>cpp;c;cc;cxx;def;odl;idl;hpj;bat;asm;asmx</Extensions>
    </Filter>
    <Filter Include="Header Files">
      <UniqueIdentifier>{93995380-89BD-4b04-88EB-625FBE52EBFB}</UniqueIdentifier>
      <Extensions>h;hpp;hxx;hm;inl;inc;xsd</Extensions>
    </Filter>
  </ItemGroup>
  <ItemGroup>
    <ClCompile Include="squish-1.11\squish.cpp">
      <Filter>Source Files</Filter>
    </ClCompile>
    <ClCompile Include="squish-1.11\singlecolourfit.cpp">
      <Filter>Source Files</Filter>
    </ClCompile>
    <ClCompile Include="squish-1.11\rangefit.cpp">
      <Filter>Source Files</Filter>
    </ClCompile>
    <ClCompile Include="squish-1.11\maths.cpp">
      <Filter>Source Files</Filter>
    </ClCompile>
    <ClCompile Include="squish-1.11\colourset.cpp">
      <Filter>Source Files</Filter>
    </ClCompile>
    <ClCompile Include="squish-1.11\colourfit.cpp">
      <Filter>Source Files</Filter>
    </ClCompile>
    <ClCompile Include="squish-1.11\colourblock.cpp">
      <Filter>Source Files</Filter>
    </ClCompile>
    <ClCompile Include="squish-1.11\clusterfit.cpp">
      <Filter>Source Files</Filter>
    </ClCompile>
    <ClCompile Include="squish-1.11\alpha.cpp">
      <Filter>Source Files</Filter>
    </ClCompile>
  </ItemGroup>
</Project>